
Microsoft Visual Studio Solution File, Format Version 12.00
# Visual Studio Version 17
VisualStudioVersion = 17.5.33424.131
MinimumVisualStudioVersion = 10.0.40219.1
Project("{FAE04EC0-301F-11D3-BF4B-00C04F79EFBC}") = "Project.Rulet", "Project.Rulet\Project.Rulet.csproj", "{B5F1AB27-01CB-4DE7-A08C-23DE9D2FBBC1}"
EndProject
Global
	GlobalSection(SolutionConfigurationPlatforms) = preSolution
		Debug|Any CPU = Debug|Any CPU
		Release|Any CPU = Release|Any CPU
	EndGlobalSection
	GlobalSection(ProjectConfigurationPlatforms) = postSolution
		{B5F1AB27-01CB-4DE7-A08C-23DE9D2FBBC1}.Debug|Any CPU.ActiveCfg = Debug|Any CPU
		{B5F1AB27-01CB-4DE7-A08C-23DE9D2FBBC1}.Debug|Any CPU.Build.0 = Debug|Any CPU
		{B5F1AB27-01CB-4DE7-A08C-23DE9D2FBBC1}.Release|Any CPU.ActiveCfg = Release|Any CPU
		{B5F1AB27-01CB-4DE7-A08C-23DE9D2FBBC1}.Release|Any CPU.Build.0 = Release|Any CPU
	EndGlobalSection
	GlobalSection(SolutionProperties) = preSolution
		HideSolutionNode = FALSE
	EndGlobalSection
	GlobalSection(ExtensibilityGlobals) = postSolution
		SolutionGuid = {5622186B-D41E-4B36-88CF-8BF14575BEFF}
	EndGlobalSection
EndGlobal
